
Microsoft Visual Studio Solution File, Format Version 12.00
# Visual Studio Version 16
VisualStudioVersion = 25.0.1706.0
MinimumVisualStudioVersion = 10.0.40219.1
Project("{FAE04EC0-301F-11D3-BF4B-00C04F79EFBC}") = "NecromancyMod", "NecromancyMod.csproj", "{22609CB8-CC3F-4BC2-B519-9C2FC37755EF}"
EndProject
Global
	GlobalSection(SolutionConfigurationPlatforms) = preSolution
		Debug|Any CPU = Debug|Any CPU
		Release|Any CPU = Release|Any CPU
	EndGlobalSection
	GlobalSection(ProjectConfigurationPlatforms) = postSolution
		{22609CB8-CC3F-4BC2-B519-9C2FC37755EF}.Debug|Any CPU.ActiveCfg = Debug|Any CPU
		{22609CB8-CC3F-4BC2-B519-9C2FC37755EF}.Debug|Any CPU.Build.0 = Debug|Any CPU
		{22609CB8-CC3F-4BC2-B519-9C2FC37755EF}.Release|Any CPU.ActiveCfg = Release|Any CPU
		{22609CB8-CC3F-4BC2-B519-9C2FC37755EF}.Release|Any CPU.Build.0 = Release|Any CPU
	EndGlobalSection
	GlobalSection(SolutionProperties) = preSolution
		HideSolutionNode = FALSE
	EndGlobalSection
	GlobalSection(ExtensibilityGlobals) = postSolution
		SolutionGuid = {748E6D89-9B1F-4835-8F3E-FFA4E7F909B4}
	EndGlobalSection
EndGlobal
